
Microsoft Visual Studio Solution File, Format Version 12.00
# Visual Studio Version 16
VisualStudioVersion = 16.0.32929.386
MinimumVisualStudioVersion = 10.0.40219.1
Project("{FAE04EC0-301F-11D3-BF4B-00C04F79EFBC}") = "OnlineGame.Web3", "OnlineGame.Web3\OnlineGame.Web3.csproj", "{D79BFB8F-DAD2-47EB-835A-24A0066C59E9}"
EndProject
Global
	GlobalSection(SolutionConfigurationPlatforms) = preSolution
		Debug|Any CPU = Debug|Any CPU
		Release|Any CPU = Release|Any CPU
	EndGlobalSection
	GlobalSection(ProjectConfigurationPlatforms) = postSolution
		{D79BFB8F-DAD2-47EB-835A-24A0066C59E9}.Debug|Any CPU.ActiveCfg = Debug|Any CPU
		{D79BFB8F-DAD2-47EB-835A-24A0066C59E9}.Debug|Any CPU.Build.0 = Debug|Any CPU
		{D79BFB8F-DAD2-47EB-835A-24A0066C59E9}.Release|Any CPU.ActiveCfg = Release|Any CPU
		{D79BFB8F-DAD2-47EB-835A-24A0066C59E9}.Release|Any CPU.Build.0 = Release|Any CPU
	EndGlobalSection
	GlobalSection(SolutionProperties) = preSolution
		HideSolutionNode = FALSE
	EndGlobalSection
	GlobalSection(ExtensibilityGlobals) = postSolution
		SolutionGuid = {241ADC5C-7AD0-4C41-9FB0-78697A45D71F}
	EndGlobalSection
EndGlobal
